Microsoft Visual Studio Solution File, Format Version 12.00
# Visual Studio 15
VisualStudioVersion = 15.0.28010.0
MinimumVisualStudioVersion = 10.0.40219.1
Project("{FAE04EC0-301F-11D3-BF4B-00C04F79EFBC}") = "Inv.Android", "Inv\Inv.Android\Inv.Android.csproj", "{22E0CB2B-0749-4789-B235-532081F68478}"
EndProject
Project("{FAE04EC0-301F-11D3-BF4B-00C04F79EFBC}") = "Inv.iOS", "Inv\Inv.iOS\Inv.iOS.csproj", "{007DD914-CF3B-4FA0-B075-293A1A4CA75B}"
EndProject
Project("{9A19103F-16F7-4668-BE54-9A1E7A4F7556}") = "Inv", "Inv\Inv\Inv.csproj", "{0742A6DE-5682-4405-A001-D272F38E9B07}"
EndProject
Project("{FAE04EC0-301F-11D3-BF4B-00C04F79EFBC}") = "Inv.Backend", "Inv.Backend\Inv.Backend.csproj", "{67E7C3F2-DB2E-4EAB-8896-FF807064F837}"
EndProject
Project("{FAE04EC0-301F-11D3-BF4B-00C04F79EFBC}") = "Inv.API", "Inv.API\Inv.API.csproj", "{67A94EBB-EAB7-4E85-8267-31272E7B5CCD}"
EndProject
Project("{FAE04EC0-301F-11D3-BF4B-00C04F79EFBC}") = "Inv.Domain", "Inv.Domain\Inv.Domain.csproj", "{9E194AC4-D03F-418A-AF43-FE9D1BF1BBBC}"
EndProject
Project("{FAE04EC0-301F-11D3-BF4B-00C04F79EFBC}") = "Inv.Common", "Inv.Common\Inv.Common.csproj", "{A1F26E5B-C87B-4352-8755-42C97831CE0E}"
EndProject
Global
	GlobalSection(SolutionConfigurationPlatforms) = preSolution
		Ad-Hoc|Any CPU = Ad-Hoc|Any CPU
		Ad-Hoc|ARM = Ad-Hoc|ARM
		Ad-Hoc|iPhone = Ad-Hoc|iPhone
		Ad-Hoc|iPhoneSimulator = Ad-Hoc|iPhoneSimulator
		Ad-Hoc|x64 = Ad-Hoc|x64
		Ad-Hoc|x86 = Ad-Hoc|x86
		AppStore|Any CPU = AppStore|Any CPU
		AppStore|ARM = AppStore|ARM
		AppStore|iPhone = AppStore|iPhone
		AppStore|iPhoneSimulator = AppStore|iPhoneSimulator
		AppStore|x64 = AppStore|x64
		AppStore|x86 = AppStore|x86
		Debug|Any CPU = Debug|Any CPU
		Debug|ARM = Debug|ARM
		Debug|iPhone = Debug|iPhone
		Debug|iPhoneSimulator = Debug|iPhoneSimulator
		Debug|x64 = Debug|x64
		Debug|x86 = Debug|x86
		Release|Any CPU = Release|Any CPU
		Release|ARM = Release|ARM
		Release|iPhone = Release|iPhone
		Release|iPhoneSimulator = Release|iPhoneSimulator
		Release|x64 = Release|x64
		Release|x86 = Release|x86
	EndGlobalSection
	GlobalSection(ProjectConfigurationPlatforms) = postSolution
		{22E0CB2B-0749-4789-B235-532081F68478}.Ad-Hoc|Any CPU.ActiveCfg = Release|Any CPU
		{22E0CB2B-0749-4789-B235-532081F68478}.Ad-Hoc|Any CPU.Build.0 = Release|Any CPU
		{22E0CB2B-0749-4789-B235-532081F68478}.Ad-Hoc|Any CPU.Deploy.0 = Release|Any CPU
		{22E0CB2B-0749-4789-B235-532081F68478}.Ad-Hoc|ARM.ActiveCfg = Release|Any CPU
		{22E0CB2B-0749-4789-B235-532081F68478}.Ad-Hoc|ARM.Build.0 = Release|Any CPU
		{22E0CB2B-0749-4789-B235-532081F68478}.Ad-Hoc|ARM.Deploy.0 = Release|Any CPU
		{22E0CB2B-0749-4789-B235-532081F68478}.Ad-Hoc|iPhone.ActiveCfg = Release|Any CPU
		{22E0CB2B-0749-4789-B235-532081F68478}.Ad-Hoc|iPhone.Build.0 = Release|Any CPU
		{22E0CB2B-0749-4789-B235-532081F68478}.Ad-Hoc|iPhone.Deploy.0 = Release|Any CPU
		{22E0CB2B-0749-4789-B235-532081F68478}.Ad-Hoc|iPhoneSimulator.ActiveCfg = Release|Any CPU
		{22E0CB2B-0749-4789-B235-532081F68478}.Ad-Hoc|iPhoneSimulator.Build.0 = Release|Any CPU
		{22E0CB2B-0749-4789-B235-532081F68478}.Ad-Hoc|iPhoneSimulator.Deploy.0 = Release|Any CPU
		{22E0CB2B-0749-4789-B235-532081F68478}.Ad-Hoc|x64.ActiveCfg = Release|Any CPU
		{22E0CB2B-0749-4789-B235-532081F68478}.Ad-Hoc|x64.Build.0 = Release|Any CPU
		{22E0CB2B-0749-4789-B235-532081F68478}.Ad-Hoc|x64.Deploy.0 = Release|Any CPU
		{22E0CB2B-0749-4789-B235-532081F68478}.Ad-Hoc|x86.ActiveCfg = Release|Any CPU
		{22E0CB2B-0749-4789-B235-532081F68478}.Ad-Hoc|x86.Build.0 = Release|Any CPU
		{22E0CB2B-0749-4789-B235-532081F68478}.Ad-Hoc|x86.Deploy.0 = Release|Any CPU
		{22E0CB2B-0749-4789-B235-532081F68478}.AppStore|Any CPU.ActiveCfg = Release|Any CPU
		{22E0CB2B-0749-4789-B235-532081F68478}.AppStore|Any CPU.Build.0 = Release|Any CPU
		{22E0CB2B-0749-4789-B235-532081F68478}.AppStore|Any CPU.Deploy.0 = Release|Any CPU
		{22E0CB2B-0749-4789-B235-532081F68478}.AppStore|ARM.ActiveCfg = Release|Any CPU
		{22E0CB2B-0749-4789-B235-532081F68478}.AppStore|ARM.Build.0 = Release|Any CPU
		{22E0CB2B-0749-4789-B235-532081F68478}.AppStore|ARM.Deploy.0 = Release|Any CPU
		{22E0CB2B-0749-4789-B235-532081F68478}.AppStore|iPhone.ActiveCfg = Release|Any CPU
		{22E0CB2B-0749-4789-B235-532081F68478}.AppStore|iPhone.Build.0 = Release|Any CPU
		{22E0CB2B-0749-4789-B235-532081F68478}.AppStore|iPhone.Deploy.0 = Release|Any CPU
		{22E0CB2B-0749-4789-B235-532081F68478}.AppStore|iPhoneSimulator.ActiveCfg = Release|Any CPU
		{22E0CB2B-0749-4789-B235-532081F68478}.AppStore|iPhoneSimulator.Build.0 = Release|Any CPU
		{22E0CB2B-0749-4789-B235-532081F68478}.AppStore|iPhoneSimulator.Deploy.0 = Release|Any CPU
		{22E0CB2B-0749-4789-B235-532081F68478}.AppStore|x64.ActiveCfg = Release|Any CPU
		{22E0CB2B-0749-4789-B235-532081F68478}.AppStore|x64.Build.0 = Release|Any CPU
		{22E0CB2B-0749-4789-B235-532081F68478}.AppStore|x64.Deploy.0 = Release|Any CPU
		{22E0CB2B-0749-4789-B235-532081F68478}.AppStore|x86.ActiveCfg = Release|Any CPU
		{22E0CB2B-0749-4789-B235-532081F68478}.AppStore|x86.Build.0 = Release|Any CPU
		{22E0CB2B-0749-4789-B235-532081F68478}.AppStore|x86.Deploy.0 = Release|Any CPU
		{22E0CB2B-0749-4789-B235-532081F68478}.Debug|Any CPU.ActiveCfg = Debug|Any CPU
		{22E0CB2B-0749-4789-B235-532081F68478}.Debug|Any CPU.Build.0 = Debug|Any CPU
		{22E0CB2B-0749-4789-B235-532081F68478}.Debug|Any CPU.Deploy.0 = Debug|Any CPU
		{22E0CB2B-0749-4789-B235-532081F68478}.Debug|ARM.ActiveCfg = Debug|Any CPU
		{22E0CB2B-0749-4789-B235-532081F68478}.Debug|ARM.Build.0 = Debug|Any CPU
		{22E0CB2B-0749-4789-B235-532081F68478}.Debug|ARM.Deploy.0 = Debug|Any CPU
		{22E0CB2B-0749-4789-B235-532081F68478}.Debug|iPhone.ActiveCfg = Debug|Any CPU
		{22E0CB2B-0749-4789-B235-532081F68478}.Debug|iPhone.Build.0 = Debug|Any CPU
		{22E0CB2B-0749-4789-B235-532081F68478}.Debug|iPhone.Deploy.0 = Debug|Any CPU
		{22E0CB2B-0749-4789-B235-532081F68478}.Debug|iPhoneSimulator.ActiveCfg = Debug|Any CPU
		{22E0CB2B-0749-4789-B235-532081F68478}.Debug|iPhoneSimulator.Build.0 = Debug|Any CPU
		{22E0CB2B-0749-4789-B235-532081F68478}.Debug|iPhoneSimulator.Deploy.0 = Debug|Any CPU
		{22E0CB2B-0749-4789-B235-532081F68478}.Debug|x64.ActiveCfg = Debug|Any CPU
		{22E0CB2B-0749-4789-B235-532081F68478}.Debug|x64.Build.0 = Debug|Any CPU
		{22E0CB2B-0749-4789-B235-532081F68478}.Debug|x64.Deploy.0 = Debug|Any CPU
		{22E0CB2B-0749-4789-B235-532081F68478}.Debug|x86.ActiveCfg = Debug|Any CPU
		{22E0CB2B-0749-4789-B235-532081F68478}.Debug|x86.Build.0 = Debug|Any CPU
		{22E0CB2B-0749-4789-B235-532081F68478}.Debug|x86.Deploy.0 = Debug|Any CPU
		{22E0CB2B-0749-4789-B235-532081F68478}.Release|Any CPU.ActiveCfg = Release|Any CPU
		{22E0CB2B-0749-4789-B235-532081F68478}.Release|Any CPU.Build.0 = Release|Any CPU
		{22E0CB2B-0749-4789-B235-532081F68478}.Release|Any CPU.Deploy.0 = Release|Any CPU
		{22E0CB2B-0749-4789-B235-532081F68478}.Release|ARM.ActiveCfg = Release|Any CPU
		{22E0CB2B-0749-4789-B235-532081F68478}.Release|ARM.Build.0 = Release|Any CPU
		{22E0CB2B-0749-4789-B235-532081F68478}.Release|ARM.Deploy.0 = Release|Any CPU
		{22E0CB2B-0749-4789-B235-532081F68478}.Release|iPhone.ActiveCfg = Release|Any CPU
		{22E0CB2B-0749-4789-B235-532081F68478}.Release|iPhone.Build.0 = Release|Any CPU
		{22E0CB2B-0749-4789-B235-532081F68478}.Release|iPhone.Deploy.0 = Release|Any CPU
		{22E0CB2B-0749-4789-B235-532081F68478}.Release|iPhoneSimulator.ActiveCfg = Release|Any CPU
		{22E0CB2B-0749-4789-B235-532081F68478}.Release|iPhoneSimulator.Build.0 = Release|Any CPU
		{22E0CB2B-0749-4789-B235-532081F68478}.Release|iPhoneSimulator.Deploy.0 = Release|Any CPU
		{22E0CB2B-0749-4789-B235-532081F68478}.Release|x64.ActiveCfg = Release|Any CPU
		{22E0CB2B-0749-4789-B235-532081F68478}.Release|x64.Build.0 = Release|Any CPU
		{22E0CB2B-0749-4789-B235-532081F68478}.Release|x64.Deploy.0 = Release|Any CPU
		{22E0CB2B-0749-4789-B235-532081F68478}.Release|x86.ActiveCfg = Release|Any CPU
		{22E0CB2B-0749-4789-B235-532081F68478}.Release|x86.Build.0 = Release|Any CPU
		{22E0CB2B-0749-4789-B235-532081F68478}.Release|x86.Deploy.0 = Release|Any CPU
		{007DD914-CF3B-4FA0-B075-293A1A4CA75B}.Ad-Hoc|Any CPU.ActiveCfg = Ad-Hoc|iPhone
		{007DD914-CF3B-4FA0-B075-293A1A4CA75B}.Ad-Hoc|Any CPU.Build.0 = Ad-Hoc|iPhone
		{007DD914-CF3B-4FA0-B075-293A1A4CA75B}.Ad-Hoc|Any CPU.Deploy.0 = Ad-Hoc|iPhone
		{007DD914-CF3B-4FA0-B075-293A1A4CA75B}.Ad-Hoc|ARM.ActiveCfg = Ad-Hoc|iPhone
		{007DD914-CF3B-4FA0-B075-293A1A4CA75B}.Ad-Hoc|ARM.Build.0 = Ad-Hoc|iPhone
		{007DD914-CF3B-4FA0-B075-293A1A4CA75B}.Ad-Hoc|ARM.Deploy.0 = Ad-Hoc|iPhone
		{007DD914-CF3B-4FA0-B075-293A1A4CA75B}.Ad-Hoc|iPhone.ActiveCfg = Ad-Hoc|iPhone
		{007DD914-CF3B-4FA0-B075-293A1A4CA75B}.Ad-Hoc|iPhone.Build.0 = Ad-Hoc|iPhone
		{007DD914-CF3B-4FA0-B075-293A1A4CA75B}.Ad-Hoc|iPhone.Deploy.0 = Ad-Hoc|iPhone
		{007DD914-CF3B-4FA0-B075-293A1A4CA75B}.Ad-Hoc|iPhoneSimulator.ActiveCfg = Ad-Hoc|iPhoneSimulator
		{007DD914-CF3B-4FA0-B075-293A1A4CA75B}.Ad-Hoc|iPhoneSimulator.Build.0 = Ad-Hoc|iPhoneSimulator
		{007DD914-CF3B-4FA0-B075-293A1A4CA75B}.Ad-Hoc|iPhoneSimulator.Deploy.0 = Ad-Hoc|iPhoneSimulator
		{007DD914-CF3B-4FA0-B075-293A1A4CA75B}.Ad-Hoc|x64.ActiveCfg = Ad-Hoc|iPhone
		{007DD914-CF3B-4FA0-B075-293A1A4CA75B}.Ad-Hoc|x64.Build.0 = Ad-Hoc|iPhone
		{007DD914-CF3B-4FA0-B075-293A1A4CA75B}.Ad-Hoc|x64.Deploy.0 = Ad-Hoc|iPhone
		{007DD914-CF3B-4FA0-B075-293A1A4CA75B}.Ad-Hoc|x86.ActiveCfg = Ad-Hoc|iPhone
		{007DD914-CF3B-4FA0-B075-293A1A4CA75B}.Ad-Hoc|x86.Build.0 = Ad-Hoc|iPhone
		{007DD914-CF3B-4FA0-B075-293A1A4CA75B}.Ad-Hoc|x86.Deploy.0 = Ad-Hoc|iPhone
		{007DD914-CF3B-4FA0-B075-293A1A4CA75B}.AppStore|Any CPU.ActiveCfg = AppStore|iPhone
		{007DD914-CF3B-4FA0-B075-293A1A4CA75B}.AppStore|Any CPU.Build.0 = AppStore|iPhone
		{007DD914-CF3B-4FA0-B075-293A1A4CA75B}.AppStore|Any CPU.Deploy.0 = AppStore|iPhone
		{007DD914-CF3B-4FA0-B075-293A1A4CA75B}.AppStore|ARM.ActiveCfg = AppStore|iPhone
		{007DD914-CF3B-4FA0-B075-293A1A4CA75B}.AppStore|ARM.Build.0 = AppStore|iPhone
		{007DD914-CF3B-4FA0-B075-293A1A4CA75B}.AppStore|ARM.Deploy.0 = AppStore|iPhone
		{007DD914-CF3B-4FA0-B075-293A1A4CA75B}.AppStore|iPhone.ActiveCfg = AppStore|iPhone
		{007DD914-CF3B-4FA0-B075-293A1A4CA75B}.AppStore|iPhone.Build.0 = AppStore|iPhone
		{007DD914-CF3B-4FA0-B075-293A1A4CA75B}.AppStore|iPhone.Deploy.0 = AppStore|iPhone
		{007DD914-CF3B-4FA0-B075-293A1A4CA75B}.AppStore|iPhoneSimulator.ActiveCfg = AppStore|iPhoneSimulator
		{007DD914-CF3B-4FA0-B075-293A1A4CA75B}.AppStore|iPhoneSimulator.Build.0 = AppStore|iPhoneSimulator
		{007DD914-CF3B-4FA0-B075-293A1A4CA75B}.AppStore|iPhoneSimulator.Deploy.0 = AppStore|iPhoneSimulator
		{007DD914-CF3B-4FA0-B075-293A1A4CA75B}.AppStore|x64.ActiveCfg = AppStore|iPhone
		{007DD914-CF3B-4FA0-B075-293A1A4CA75B}.AppStore|x64.Build.0 = AppStore|iPhone
		{007DD914-CF3B-4FA0-B075-293A1A4CA75B}.AppStore|x64.Deploy.0 = AppStore|iPhone
		{007DD914-CF3B-4FA0-B075-293A1A4CA75B}.AppStore|x86.ActiveCfg = AppStore|iPhone
		{007DD914-CF3B-4FA0-B075-293A1A4CA75B}.AppStore|x86.Build.0 = AppStore|iPhone
		{007DD914-CF3B-4FA0-B075-293A1A4CA75B}.AppStore|x86.Deploy.0 = AppStore|iPhone
		{007DD914-CF3B-4FA0-B075-293A1A4CA75B}.Debug|Any CPU.ActiveCfg = Debug|iPhoneSimulator
		{007DD914-CF3B-4FA0-B075-293A1A4CA75B}.Debug|Any CPU.Build.0 = Debug|iPhoneSimulator
		{007DD914-CF3B-4FA0-B075-293A1A4CA75B}.Debug|Any CPU.Deploy.0 = Debug|iPhoneSimulator
		{007DD914-CF3B-4FA0-B075-293A1A4CA75B}.Debug|ARM.ActiveCfg = Debug|iPhone
		{007DD914-CF3B-4FA0-B075-293A1A4CA75B}.Debug|ARM.Build.0 = Debug|iPhone
		{007DD914-CF3B-4FA0-B075-293A1A4CA75B}.Debug|ARM.Deploy.0 = Debug|iPhone
		{007DD914-CF3B-4FA0-B075-293A1A4CA75B}.Debug|iPhone.ActiveCfg = Debug|iPhone
		{007DD914-CF3B-4FA0-B075-293A1A4CA75B}.Debug|iPhone.Build.0 = Debug|iPhone
		{007DD914-CF3B-4FA0-B075-293A1A4CA75B}.Debug|iPhone.Deploy.0 = Debug|iPhone
		{007DD914-CF3B-4FA0-B075-293A1A4CA75B}.Debug|iPhoneSimulator.ActiveCfg = Debug|iPhoneSimulator
		{007DD914-CF3B-4FA0-B075-293A1A4CA75B}.Debug|iPhoneSimulator.Build.0 = Debug|iPhoneSimulator
		{007DD914-CF3B-4FA0-B075-293A1A4CA75B}.Debug|iPhoneSimulator.Deploy.0 = Debug|iPhoneSimulator
		{007DD914-CF3B-4FA0-B075-293A1A4CA75B}.Debug|x64.ActiveCfg = Debug|iPhone
		{007DD914-CF3B-4FA0-B075-293A1A4CA75B}.Debug|x64.Build.0 = Debug|iPhone
		{007DD914-CF3B-4FA0-B075-293A1A4CA75B}.Debug|x64.Deploy.0 = Debug|iPhone
		{007DD914-CF3B-4FA0-B075-293A1A4CA75B}.Debug|x86.ActiveCfg = Debug|iPhone
		{007DD914-CF3B-4FA0-B075-293A1A4CA75B}.Debug|x86.Build.0 = Debug|iPhone
		{007DD914-CF3B-4FA0-B075-293A1A4CA75B}.Debug|x86.Deploy.0 = Debug|iPhone
		{007DD914-CF3B-4FA0-B075-293A1A4CA75B}.Release|Any CPU.ActiveCfg = Release|iPhone
		{007DD914-CF3B-4FA0-B075-293A1A4CA75B}.Release|Any CPU.Build.0 = Release|iPhone
		{007DD914-CF3B-4FA0-B075-293A1A4CA75B}.Release|Any CPU.Deploy.0 = Release|iPhone
		{007DD914-CF3B-4FA0-B075-293A1A4CA75B}.Release|ARM.ActiveCfg = Release|iPhone
		{007DD914-CF3B-4FA0-B075-293A1A4CA75B}.Release|ARM.Build.0 = Release|iPhone
		{007DD914-CF3B-4FA0-B075-293A1A4CA75B}.Release|ARM.Deploy.0 = Release|iPhone
		{007DD914-CF3B-4FA0-B075-293A1A4CA75B}.Release|iPhone.ActiveCfg = Release|iPhone
		{007DD914-CF3B-4FA0-B075-293A1A4CA75B}.Release|iPhone.Build.0 = Release|iPhone
		{007DD914-CF3B-4FA0-B075-293A1A4CA75B}.Release|iPhone.Deploy.0 = Release|iPhone
		{007DD914-CF3B-4FA0-B075-293A1A4CA75B}.Release|iPhoneSimulator.ActiveCfg = Release|iPhoneSimulator
		{007DD914-CF3B-4FA0-B075-293A1A4CA75B}.Release|iPhoneSimulator.Build.0 = Release|iPhoneSimulator
		{007DD914-CF3B-4FA0-B075-293A1A4CA75B}.Release|iPhoneSimulator.Deploy.0 = Release|iPhoneSimulator
		{007DD914-CF3B-4FA0-B075-293A1A4CA75B}.Release|x64.ActiveCfg = Release|iPhone
		{007DD914-CF3B-4FA0-B075-293A1A4CA75B}.Release|x64.Build.0 = Release|iPhone
		{007DD914-CF3B-4FA0-B075-293A1A4CA75B}.Release|x64.Deploy.0 = Release|iPhone
		{007DD914-CF3B-4FA0-B075-293A1A4CA75B}.Release|x86.ActiveCfg = Release|iPhone
		{007DD914-CF3B-4FA0-B075-293A1A4CA75B}.Release|x86.Build.0 = Release|iPhone
		{007DD914-CF3B-4FA0-B075-293A1A4CA75B}.Release|x86.Deploy.0 = Release|iPhone
		{0742A6DE-5682-4405-A001-D272F38E9B07}.Ad-Hoc|Any CPU.ActiveCfg = Debug|Any CPU
		{0742A6DE-5682-4405-A001-D272F38E9B07}.Ad-Hoc|Any CPU.Build.0 = Debug|Any CPU
		{0742A6DE-5682-4405-A001-D272F38E9B07}.Ad-Hoc|Any CPU.Deploy.0 = Debug|Any CPU
		{0742A6DE-5682-4405-A001-D272F38E9B07}.Ad-Hoc|ARM.ActiveCfg = Debug|Any CPU
		{0742A6DE-5682-4405-A001-D272F38E9B07}.Ad-Hoc|ARM.Build.0 = Debug|Any CPU
		{0742A6DE-5682-4405-A001-D272F38E9B07}.Ad-Hoc|ARM.Deploy.0 = Debug|Any CPU
		{0742A6DE-5682-4405-A001-D272F38E9B07}.Ad-Hoc|iPhone.ActiveCfg = Debug|Any CPU
		{0742A6DE-5682-4405-A001-D272F38E9B07}.Ad-Hoc|iPhone.Build.0 = Debug|Any CPU
		{0742A6DE-5682-4405-A001-D272F38E9B07}.Ad-Hoc|iPhone.Deploy.0 = Debug|Any CPU
		{0742A6DE-5682-4405-A001-D272F38E9B07}.Ad-Hoc|iPhoneSimulator.ActiveCfg = Debug|Any CPU
		{0742A6DE-5682-4405-A001-D272F38E9B07}.Ad-Hoc|iPhoneSimulator.Build.0 = Debug|Any CPU
		{0742A6DE-5682-4405-A001-D272F38E9B07}.Ad-Hoc|iPhoneSimulator.Deploy.0 = Debug|Any CPU
		{0742A6DE-5682-4405-A001-D272F38E9B07}.Ad-Hoc|x64.ActiveCfg = Debug|Any CPU
		{0742A6DE-5682-4405-A001-D272F38E9B07}.Ad-Hoc|x64.Build.0 = Debug|Any CPU
		{0742A6DE-5682-4405-A001-D272F38E9B07}.Ad-Hoc|x64.Deploy.0 = Debug|Any CPU
		{0742A6DE-5682-4405-A001-D272F38E9B07}.Ad-Hoc|x86.ActiveCfg = Debug|Any CPU
		{0742A6DE-5682-4405-A001-D272F38E9B07}.Ad-Hoc|x86.Build.0 = Debug|Any CPU
		{0742A6DE-5682-4405-A001-D272F38E9B07}.Ad-Hoc|x86.Deploy.0 = Debug|Any CPU
		{0742A6DE-5682-4405-A001-D272F38E9B07}.AppStore|Any CPU.ActiveCfg = Debug|Any CPU
		{0742A6DE-5682-4405-A001-D272F38E9B07}.AppStore|Any CPU.Build.0 = Debug|Any CPU
		{0742A6DE-5682-4405-A001-D272F38E9B07}.AppStore|Any CPU.Deploy.0 = Debug|Any CPU
		{0742A6DE-5682-4405-A001-D272F38E9B07}.AppStore|ARM.ActiveCfg = Debug|Any CPU
		{0742A6DE-5682-4405-A001-D272F38E9B07}.AppStore|ARM.Build.0 = Debug|Any CPU
		{0742A6DE-5682-4405-A001-D272F38E9B07}.AppStore|ARM.Deploy.0 = Debug|Any CPU
		{0742A6DE-5682-4405-A001-D272F38E9B07}.AppStore|iPhone.ActiveCfg = Debug|Any CPU
		{0742A6DE-5682-4405-A001-D272F38E9B07}.AppStore|iPhone.Build.0 = Debug|Any CPU
		{0742A6DE-5682-4405-A001-D272F38E9B07}.AppStore|iPhone.Deploy.0 = Debug|Any CPU
		{0742A6DE-5682-4405-A001-D272F38E9B07}.AppStore|iPhoneSimulator.ActiveCfg = Debug|Any CPU
		{0742A6DE-5682-4405-A001-D272F38E9B07}.AppStore|iPhoneSimulator.Build.0 = Debug|Any CPU
		{0742A6DE-5682-4405-A001-D272F38E9B07}.AppStore|iPhoneSimulator.Deploy.0 = Debug|Any CPU
		{0742A6DE-5682-4405-A001-D272F38E9B07}.AppStore|x64.ActiveCfg = Debug|Any CPU
		{0742A6DE-5682-4405-A001-D272F38E9B07}.AppStore|x64.Build.0 = Debug|Any CPU
		{0742A6DE-5682-4405-A001-D272F38E9B07}.AppStore|x64.Deploy.0 = Debug|Any CPU
		{0742A6DE-5682-4405-A001-D272F38E9B07}.AppStore|x86.ActiveCfg = Debug|Any CPU
		{0742A6DE-5682-4405-A001-D272F38E9B07}.AppStore|x86.Build.0 = Debug|Any CPU
		{0742A6DE-5682-4405-A001-D272F38E9B07}.AppStore|x86.Deploy.0 = Debug|Any CPU
		{0742A6DE-5682-4405-A001-D272F38E9B07}.Debug|Any CPU.ActiveCfg = Debug|Any CPU
		{0742A6DE-5682-4405-A001-D272F38E9B07}.Debug|Any CPU.Build.0 = Debug|Any CPU
		{0742A6DE-5682-4405-A001-D272F38E9B07}.Debug|Any CPU.Deploy.0 = Debug|Any CPU
		{0742A6DE-5682-4405-A001-D272F38E9B07}.Debug|ARM.ActiveCfg = Debug|Any CPU
		{0742A6DE-5682-4405-A001-D272F38E9B07}.Debug|ARM.Build.0 = Debug|Any CPU
		{0742A6DE-5682-4405-A001-D272F38E9B07}.Debug|ARM.Deploy.0 = Debug|Any CPU
		{0742A6DE-5682-4405-A001-D272F38E9B07}.Debug|iPhone.ActiveCfg = Debug|Any CPU
		{0742A6DE-5682-4405-A001-D272F38E9B07}.Debug|iPhone.Build.0 = Debug|Any CPU
		{0742A6DE-5682-4405-A001-D272F38E9B07}.Debug|iPhone.Deploy.0 = Debug|Any CPU
		{0742A6DE-5682-4405-A001-D272F38E9B07}.Debug|iPhoneSimulator.ActiveCfg = Debug|Any CPU
		{0742A6DE-5682-4405-A001-D272F38E9B07}.Debug|iPhoneSimulator.Build.0 = Debug|Any CPU
		{0742A6DE-5682-4405-A001-D272F38E9B07}.Debug|iPhoneSimulator.Deploy.0 = Debug|Any CPU
		{0742A6DE-5682-4405-A001-D272F38E9B07}.Debug|x64.ActiveCfg = Debug|Any CPU
		{0742A6DE-5682-4405-A001-D272F38E9B07}.Debug|x64.Build.0 = Debug|Any CPU
		{0742A6DE-5682-4405-A001-D272F38E9B07}.Debug|x64.Deploy.0 = Debug|Any CPU
		{0742A6DE-5682-4405-A001-D272F38E9B07}.Debug|x86.ActiveCfg = Debug|Any CPU
		{0742A6DE-5682-4405-A001-D272F38E9B07}.Debug|x86.Build.0 = Debug|Any CPU
		{0742A6DE-5682-4405-A001-D272F38E9B07}.Debug|x86.Deploy.0 = Debug|Any CPU
		{0742A6DE-5682-4405-A001-D272F38E9B07}.Release|Any CPU.ActiveCfg = Release|Any CPU
		{0742A6DE-5682-4405-A001-D272F38E9B07}.Release|Any CPU.Build.0 = Release|Any CPU
		{0742A6DE-5682-4405-A001-D272F38E9B07}.Release|Any CPU.Deploy.0 = Release|Any CPU
		{0742A6DE-5682-4405-A001-D272F38E9B07}.Release|ARM.ActiveCfg = Release|Any CPU
		{0742A6DE-5682-4405-A001-D272F38E9B07}.Release|ARM.Build.0 = Release|Any CPU
		{0742A6DE-5682-4405-A001-D272F38E9B07}.Release|ARM.Deploy.0 = Release|Any CPU
		{0742A6DE-5682-4405-A001-D272F38E9B07}.Release|iPhone.ActiveCfg = Release|Any CPU
		{0742A6DE-5682-4405-A001-D272F38E9B07}.Release|iPhone.Build.0 = Release|Any CPU
		{0742A6DE-5682-4405-A001-D272F38E9B07}.Release|iPhone.Deploy.0 = Release|Any CPU
		{0742A6DE-5682-4405-A001-D272F38E9B07}.Release|iPhoneSimulator.ActiveCfg = Release|Any CPU
		{0742A6DE-5682-4405-A001-D272F38E9B07}.Release|iPhoneSimulator.Build.0 = Release|Any CPU
		{0742A6DE-5682-4405-A001-D272F38E9B07}.Release|iPhoneSimulator.Deploy.0 = Release|Any CPU
		{0742A6DE-5682-4405-A001-D272F38E9B07}.Release|x64.ActiveCfg = Release|Any CPU
		{0742A6DE-5682-4405-A001-D272F38E9B07}.Release|x64.Build.0 = Release|Any CPU
		{0742A6DE-5682-4405-A001-D272F38E9B07}.Release|x64.Deploy.0 = Release|Any CPU
		{0742A6DE-5682-4405-A001-D272F38E9B07}.Release|x86.ActiveCfg = Release|Any CPU
		{0742A6DE-5682-4405-A001-D272F38E9B07}.Release|x86.Build.0 = Release|Any CPU
		{0742A6DE-5682-4405-A001-D272F38E9B07}.Release|x86.Deploy.0 = Release|Any CPU
		{67E7C3F2-DB2E-4EAB-8896-FF807064F837}.Ad-Hoc|Any CPU.ActiveCfg = Release|Any CPU
		{67E7C3F2-DB2E-4EAB-8896-FF807064F837}.Ad-Hoc|Any CPU.Build.0 = Release|Any CPU
		{67E7C3F2-DB2E-4EAB-8896-FF807064F837}.Ad-Hoc|ARM.ActiveCfg = Release|Any CPU
		{67E7C3F2-DB2E-4EAB-8896-FF807064F837}.Ad-Hoc|ARM.Build.0 = Release|Any CPU
		{67E7C3F2-DB2E-4EAB-8896-FF807064F837}.Ad-Hoc|iPhone.ActiveCfg = Release|Any CPU
		{67E7C3F2-DB2E-4EAB-8896-FF807064F837}.Ad-Hoc|iPhone.Build.0 = Release|Any CPU
		{67E7C3F2-DB2E-4EAB-8896-FF807064F837}.Ad-Hoc|iPhoneSimulator.ActiveCfg = Release|Any CPU
		{67E7C3F2-DB2E-4EAB-8896-FF807064F837}.Ad-Hoc|iPhoneSimulator.Build.0 = Release|Any CPU
		{67E7C3F2-DB2E-4EAB-8896-FF807064F837}.Ad-Hoc|x64.ActiveCfg = Release|Any CPU
		{67E7C3F2-DB2E-4EAB-8896-FF807064F837}.Ad-Hoc|x64.Build.0 = Release|Any CPU
		{67E7C3F2-DB2E-4EAB-8896-FF807064F837}.Ad-Hoc|x86.ActiveCfg = Release|Any CPU
		{67E7C3F2-DB2E-4EAB-8896-FF807064F837}.Ad-Hoc|x86.Build.0 = Release|Any CPU
		{67E7C3F2-DB2E-4EAB-8896-FF807064F837}.AppStore|Any CPU.ActiveCfg = Release|Any CPU
		{67E7C3F2-DB2E-4EAB-8896-FF807064F837}.AppStore|Any CPU.Build.0 = Release|Any CPU
		{67E7C3F2-DB2E-4EAB-8896-FF807064F837}.AppStore|ARM.ActiveCfg = Release|Any CPU
		{67E7C3F2-DB2E-4EAB-8896-FF807064F837}.AppStore|ARM.Build.0 = Release|Any CPU
		{67E7C3F2-DB2E-4EAB-8896-FF807064F837}.AppStore|iPhone.ActiveCfg = Release|Any CPU
		{67E7C3F2-DB2E-4EAB-8896-FF807064F837}.AppStore|iPhone.Build.0 = Release|Any CPU
		{67E7C3F2-DB2E-4EAB-8896-FF807064F837}.AppStore|iPhoneSimulator.ActiveCfg = Release|Any CPU
		{67E7C3F2-DB2E-4EAB-8896-FF807064F837}.AppStore|iPhoneSimulator.Build.0 = Release|Any CPU
		{67E7C3F2-DB2E-4EAB-8896-FF807064F837}.AppStore|x64.ActiveCfg = Release|Any CPU
		{67E7C3F2-DB2E-4EAB-8896-FF807064F837}.AppStore|x64.Build.0 = Release|Any CPU
		{67E7C3F2-DB2E-4EAB-8896-FF807064F837}.AppStore|x86.ActiveCfg = Release|Any CPU
		{67E7C3F2-DB2E-4EAB-8896-FF807064F837}.AppStore|x86.Build.0 = Release|Any CPU
		{67E7C3F2-DB2E-4EAB-8896-FF807064F837}.Debug|Any CPU.ActiveCfg = Debug|Any CPU
		{67E7C3F2-DB2E-4EAB-8896-FF807064F837}.Debug|Any CPU.Build.0 = Debug|Any CPU
		{67E7C3F2-DB2E-4EAB-8896-FF807064F837}.Debug|ARM.ActiveCfg = Debug|Any CPU
		{67E7C3F2-DB2E-4EAB-8896-FF807064F837}.Debug|ARM.Build.0 = Debug|Any CPU
		{67E7C3F2-DB2E-4EAB-8896-FF807064F837}.Debug|iPhone.ActiveCfg = Debug|Any CPU
		{67E7C3F2-DB2E-4EAB-8896-FF807064F837}.Debug|iPhone.Build.0 = Debug|Any CPU
		{67E7C3F2-DB2E-4EAB-8896-FF807064F837}.Debug|iPhoneSimulator.ActiveCfg = Debug|Any CPU
		{67E7C3F2-DB2E-4EAB-8896-FF807064F837}.Debug|iPhoneSimulator.Build.0 = Debug|Any CPU
		{67E7C3F2-DB2E-4EAB-8896-FF807064F837}.Debug|x64.ActiveCfg = Debug|Any CPU
		{67E7C3F2-DB2E-4EAB-8896-FF807064F837}.Debug|x64.Build.0 = Debug|Any CPU
		{67E7C3F2-DB2E-4EAB-8896-FF807064F837}.Debug|x86.ActiveCfg = Debug|Any CPU
		{67E7C3F2-DB2E-4EAB-8896-FF807064F837}.Debug|x86.Build.0 = Debug|Any CPU
		{67E7C3F2-DB2E-4EAB-8896-FF807064F837}.Release|Any CPU.ActiveCfg = Release|Any CPU
		{67E7C3F2-DB2E-4EAB-8896-FF807064F837}.Release|Any CPU.Build.0 = Release|Any CPU
		{67E7C3F2-DB2E-4EAB-8896-FF807064F837}.Release|ARM.ActiveCfg = Release|Any CPU
		{67E7C3F2-DB2E-4EAB-8896-FF807064F837}.Release|ARM.Build.0 = Release|Any CPU
		{67E7C3F2-DB2E-4EAB-8896-FF807064F837}.Release|iPhone.ActiveCfg = Release|Any CPU
		{67E7C3F2-DB2E-4EAB-8896-FF807064F837}.Release|iPhone.Build.0 = Release|Any CPU
		{67E7C3F2-DB2E-4EAB-8896-FF807064F837}.Release|iPhoneSimulator.ActiveCfg = Release|Any CPU
		{67E7C3F2-DB2E-4EAB-8896-FF807064F837}.Release|iPhoneSimulator.Build.0 = Release|Any CPU
		{67E7C3F2-DB2E-4EAB-8896-FF807064F837}.Release|x64.ActiveCfg = Release|Any CPU
		{67E7C3F2-DB2E-4EAB-8896-FF807064F837}.Release|x64.Build.0 = Release|Any CPU
		{67E7C3F2-DB2E-4EAB-8896-FF807064F837}.Release|x86.ActiveCfg = Release|Any CPU
		{67E7C3F2-DB2E-4EAB-8896-FF807064F837}.Release|x86.Build.0 = Release|Any CPU
		{67A94EBB-EAB7-4E85-8267-31272E7B5CCD}.Ad-Hoc|Any CPU.ActiveCfg = Release|Any CPU
		{67A94EBB-EAB7-4E85-8267-31272E7B5CCD}.Ad-Hoc|Any CPU.Build.0 = Release|Any CPU
		{67A94EBB-EAB7-4E85-8267-31272E7B5CCD}.Ad-Hoc|ARM.ActiveCfg = Release|Any CPU
		{67A94EBB-EAB7-4E85-8267-31272E7B5CCD}.Ad-Hoc|ARM.Build.0 = Release|Any CPU
		{67A94EBB-EAB7-4E85-8267-31272E7B5CCD}.Ad-Hoc|iPhone.ActiveCfg = Release|Any CPU
		{67A94EBB-EAB7-4E85-8267-31272E7B5CCD}.Ad-Hoc|iPhone.Build.0 = Release|Any CPU
		{67A94EBB-EAB7-4E85-8267-31272E7B5CCD}.Ad-Hoc|iPhoneSimulator.ActiveCfg = Release|Any CPU
		{67A94EBB-EAB7-4E85-8267-31272E7B5CCD}.Ad-Hoc|iPhoneSimulator.Build.0 = Release|Any CPU
		{67A94EBB-EAB7-4E85-8267-31272E7B5CCD}.Ad-Hoc|x64.ActiveCfg = Release|Any CPU
		{67A94EBB-EAB7-4E85-8267-31272E7B5CCD}.Ad-Hoc|x64.Build.0 = Release|Any CPU
		{67A94EBB-EAB7-4E85-8267-31272E7B5CCD}.Ad-Hoc|x86.ActiveCfg = Release|Any CPU
		{67A94EBB-EAB7-4E85-8267-31272E7B5CCD}.Ad-Hoc|x86.Build.0 = Release|Any CPU
		{67A94EBB-EAB7-4E85-8267-31272E7B5CCD}.AppStore|Any CPU.ActiveCfg = Release|Any CPU
		{67A94EBB-EAB7-4E85-8267-31272E7B5CCD}.AppStore|Any CPU.Build.0 = Release|Any CPU
		{67A94EBB-EAB7-4E85-8267-31272E7B5CCD}.AppStore|ARM.ActiveCfg = Release|Any CPU
		{67A94EBB-EAB7-4E85-8267-31272E7B5CCD}.AppStore|ARM.Build.0 = Release|Any CPU
		{67A94EBB-EAB7-4E85-8267-31272E7B5CCD}.AppStore|iPhone.ActiveCfg = Release|Any CPU
		{67A94EBB-EAB7-4E85-8267-31272E7B5CCD}.AppStore|iPhone.Build.0 = Release|Any CPU
		{67A94EBB-EAB7-4E85-8267-31272E7B5CCD}.AppStore|iPhoneSimulator.ActiveCfg = Release|Any CPU
		{67A94EBB-EAB7-4E85-8267-31272E7B5CCD}.AppStore|iPhoneSimulator.Build.0 = Release|Any CPU
		{67A94EBB-EAB7-4E85-8267-31272E7B5CCD}.AppStore|x64.ActiveCfg = Release|Any CPU
		{67A94EBB-EAB7-4E85-8267-31272E7B5CCD}.AppStore|x64.Build.0 = Release|Any CPU
		{67A94EBB-EAB7-4E85-8267-31272E7B5CCD}.AppStore|x86.ActiveCfg = Release|Any CPU
		{67A94EBB-EAB7-4E85-8267-31272E7B5CCD}.AppStore|x86.Build.0 = Release|Any CPU
		{67A94EBB-EAB7-4E85-8267-31272E7B5CCD}.Debug|Any CPU.ActiveCfg = Debug|Any CPU
		{67A94EBB-EAB7-4E85-8267-31272E7B5CCD}.Debug|Any CPU.Build.0 = Debug|Any CPU
		{67A94EBB-EAB7-4E85-8267-31272E7B5CCD}.Debug|ARM.ActiveCfg = Debug|Any CPU
		{67A94EBB-EAB7-4E85-8267-31272E7B5CCD}.Debug|ARM.Build.0 = Debug|Any CPU
		{67A94EBB-EAB7-4E85-8267-31272E7B5CCD}.Debug|iPhone.ActiveCfg = Debug|Any CPU
		{67A94EBB-EAB7-4E85-8267-31272E7B5CCD}.Debug|iPhone.Build.0 = Debug|Any CPU
		{67A94EBB-EAB7-4E85-8267-31272E7B5CCD}.Debug|iPhoneSimulator.ActiveCfg = Debug|Any CPU
		{67A94EBB-EAB7-4E85-8267-31272E7B5CCD}.Debug|iPhoneSimulator.Build.0 = Debug|Any CPU
		{67A94EBB-EAB7-4E85-8267-31272E7B5CCD}.Debug|x64.ActiveCfg = Debug|Any CPU
		{67A94EBB-EAB7-4E85-8267-31272E7B5CCD}.Debug|x64.Build.0 = Debug|Any CPU
		{67A94EBB-EAB7-4E85-8267-31272E7B5CCD}.Debug|x86.ActiveCfg = Debug|Any CPU
		{67A94EBB-EAB7-4E85-8267-31272E7B5CCD}.Debug|x86.Build.0 = Debug|Any CPU
		{67A94EBB-EAB7-4E85-8267-31272E7B5CCD}.Release|Any CPU.ActiveCfg = Release|Any CPU
		{67A94EBB-EAB7-4E85-8267-31272E7B5CCD}.Release|Any CPU.Build.0 = Release|Any CPU
		{67A94EBB-EAB7-4E85-8267-31272E7B5CCD}.Release|ARM.ActiveCfg = Release|Any CPU
		{67A94EBB-EAB7-4E85-8267-31272E7B5CCD}.Release|ARM.Build.0 = Release|Any CPU
		{67A94EBB-EAB7-4E85-8267-31272E7B5CCD}.Release|iPhone.ActiveCfg = Release|Any CPU
		{67A94EBB-EAB7-4E85-8267-31272E7B5CCD}.Release|iPhone.Build.0 = Release|Any CPU
		{67A94EBB-EAB7-4E85-8267-31272E7B5CCD}.Release|iPhoneSimulator.ActiveCfg = Release|Any CPU
		{67A94EBB-EAB7-4E85-8267-31272E7B5CCD}.Release|iPhoneSimulator.Build.0 = Release|Any CPU
		{67A94EBB-EAB7-4E85-8267-31272E7B5CCD}.Release|x64.ActiveCfg = Release|Any CPU
		{67A94EBB-EAB7-4E85-8267-31272E7B5CCD}.Release|x64.Build.0 = Release|Any CPU
		{67A94EBB-EAB7-4E85-8267-31272E7B5CCD}.Release|x86.ActiveCfg = Release|Any CPU
		{67A94EBB-EAB7-4E85-8267-31272E7B5CCD}.Release|x86.Build.0 = Release|Any CPU
		{9E194AC4-D03F-418A-AF43-FE9D1BF1BBBC}.Ad-Hoc|Any CPU.ActiveCfg = Release|Any CPU
		{9E194AC4-D03F-418A-AF43-FE9D1BF1BBBC}.Ad-Hoc|Any CPU.Build.0 = Release|Any CPU
		{9E194AC4-D03F-418A-AF43-FE9D1BF1BBBC}.Ad-Hoc|ARM.ActiveCfg = Release|Any CPU
		{9E194AC4-D03F-418A-AF43-FE9D1BF1BBBC}.Ad-Hoc|ARM.Build.0 = Release|Any CPU
		{9E194AC4-D03F-418A-AF43-FE9D1BF1BBBC}.Ad-Hoc|iPhone.ActiveCfg = Release|Any CPU
		{9E194AC4-D03F-418A-AF43-FE9D1BF1BBBC}.Ad-Hoc|iPhone.Build.0 = Release|Any CPU
		{9E194AC4-D03F-418A-AF43-FE9D1BF1BBBC}.Ad-Hoc|iPhoneSimulator.ActiveCfg = Release|Any CPU
		{9E194AC4-D03F-418A-AF43-FE9D1BF1BBBC}.Ad-Hoc|iPhoneSimulator.Build.0 = Release|Any CPU
		{9E194AC4-D03F-418A-AF43-FE9D1BF1BBBC}.Ad-Hoc|x64.ActiveCfg = Release|Any CPU
		{9E194AC4-D03F-418A-AF43-FE9D1BF1BBBC}.Ad-Hoc|x64.Build.0 = Release|Any CPU
		{9E194AC4-D03F-418A-AF43-FE9D1BF1BBBC}.Ad-Hoc|x86.ActiveCfg = Release|Any CPU
		{9E194AC4-D03F-418A-AF43-FE9D1BF1BBBC}.Ad-Hoc|x86.Build.0 = Release|Any CPU
		{9E194AC4-D03F-418A-AF43-FE9D1BF1BBBC}.AppStore|Any CPU.ActiveCfg = Release|Any CPU
		{9E194AC4-D03F-418A-AF43-FE9D1BF1BBBC}.AppStore|Any CPU.Build.0 = Release|Any CPU
		{9E194AC4-D03F-418A-AF43-FE9D1BF1BBBC}.AppStore|ARM.ActiveCfg = Release|Any CPU
		{9E194AC4-D03F-418A-AF43-FE9D1BF1BBBC}.AppStore|ARM.Build.0 = Release|Any CPU
		{9E194AC4-D03F-418A-AF43-FE9D1BF1BBBC}.AppStore|iPhone.ActiveCfg = Release|Any CPU
		{9E194AC4-D03F-418A-AF43-FE9D1BF1BBBC}.AppStore|iPhone.Build.0 = Release|Any CPU
		{9E194AC4-D03F-418A-AF43-FE9D1BF1BBBC}.AppStore|iPhoneSimulator.ActiveCfg = Release|Any CPU
		{9E194AC4-D03F-418A-AF43-FE9D1BF1BBBC}.AppStore|iPhoneSimulator.Build.0 = Release|Any CPU
		{9E194AC4-D03F-418A-AF43-FE9D1BF1BBBC}.AppStore|x64.ActiveCfg = Release|Any CPU
		{9E194AC4-D03F-418A-AF43-FE9D1BF1BBBC}.AppStore|x64.Build.0 = Release|Any CPU
		{9E194AC4-D03F-418A-AF43-FE9D1BF1BBBC}.AppStore|x86.ActiveCfg = Release|Any CPU
		{9E194AC4-D03F-418A-AF43-FE9D1BF1BBBC}.AppStore|x86.Build.0 = Release|Any CPU
		{9E194AC4-D03F-418A-AF43-FE9D1BF1BBBC}.Debug|Any CPU.ActiveCfg = Debug|Any CPU
		{9E194AC4-D03F-418A-AF43-FE9D1BF1BBBC}.Debug|Any CPU.Build.0 = Debug|Any CPU
		{9E194AC4-D03F-418A-AF43-FE9D1BF1BBBC}.Debug|ARM.ActiveCfg = Debug|Any CPU
		{9E194AC4-D03F-418A-AF43-FE9D1BF1BBBC}.Debug|ARM.Build.0 = Debug|Any CPU
		{9E194AC4-D03F-418A-AF43-FE9D1BF1BBBC}.Debug|iPhone.ActiveCfg = Debug|Any CPU
		{9E194AC4-D03F-418A-AF43-FE9D1BF1BBBC}.Debug|iPhone.Build.0 = Debug|Any CPU
		{9E194AC4-D03F-418A-AF43-FE9D1BF1BBBC}.Debug|iPhoneSimulator.ActiveCfg = Debug|Any CPU
		{9E194AC4-D03F-418A-AF43-FE9D1BF1BBBC}.Debug|iPhoneSimulator.Build.0 = Debug|Any CPU
		{9E194AC4-D03F-418A-AF43-FE9D1BF1BBBC}.Debug|x64.ActiveCfg = Debug|Any CPU
		{9E194AC4-D03F-418A-AF43-FE9D1BF1BBBC}.Debug|x64.Build.0 = Debug|Any CPU
		{9E194AC4-D03F-418A-AF43-FE9D1BF1BBBC}.Debug|x86.ActiveCfg = Debug|Any CPU
		{9E194AC4-D03F-418A-AF43-FE9D1BF1BBBC}.Debug|x86.Build.0 = Debug|Any CPU
		{9E194AC4-D03F-418A-AF43-FE9D1BF1BBBC}.Release|Any CPU.ActiveCfg = Release|Any CPU
		{9E194AC4-D03F-418A-AF43-FE9D1BF1BBBC}.Release|Any CPU.Build.0 = Release|Any CPU
		{9E194AC4-D03F-418A-AF43-FE9D1BF1BBBC}.Release|ARM.ActiveCfg = Release|Any CPU
		{9E194AC4-D03F-418A-AF43-FE9D1BF1BBBC}.Release|ARM.Build.0 = Release|Any CPU
		{9E194AC4-D03F-418A-AF43-FE9D1BF1BBBC}.Release|iPhone.ActiveCfg = Release|Any CPU
		{9E194AC4-D03F-418A-AF43-FE9D1BF1BBBC}.Release|iPhone.Build.0 = Release|Any CPU
		{9E194AC4-D03F-418A-AF43-FE9D1BF1BBBC}.Release|iPhoneSimulator.ActiveCfg = Release|Any CPU
		{9E194AC4-D03F-418A-AF43-FE9D1BF1BBBC}.Release|iPhoneSimulator.Build.0 = Release|Any CPU
		{9E194AC4-D03F-418A-AF43-FE9D1BF1BBBC}.Release|x64.ActiveCfg = Release|Any CPU
		{9E194AC4-D03F-418A-AF43-FE9D1BF1BBBC}.Release|x64.Build.0 = Release|Any CPU
		{9E194AC4-D03F-418A-AF43-FE9D1BF1BBBC}.Release|x86.ActiveCfg = Release|Any CPU
		{9E194AC4-D03F-418A-AF43-FE9D1BF1BBBC}.Release|x86.Build.0 = Release|Any CPU
		{A1F26E5B-C87B-4352-8755-42C97831CE0E}.Ad-Hoc|Any CPU.ActiveCfg = Release|Any CPU
		{A1F26E5B-C87B-4352-8755-42C97831CE0E}.Ad-Hoc|Any CPU.Build.0 = Release|Any CPU
		{A1F26E5B-C87B-4352-8755-42C97831CE0E}.Ad-Hoc|ARM.ActiveCfg = Release|Any CPU
		{A1F26E5B-C87B-4352-8755-42C97831CE0E}.Ad-Hoc|ARM.Build.0 = Release|Any CPU
		{A1F26E5B-C87B-4352-8755-42C97831CE0E}.Ad-Hoc|iPhone.ActiveCfg = Release|Any CPU
		{A1F26E5B-C87B-4352-8755-42C97831CE0E}.Ad-Hoc|iPhone.Build.0 = Release|Any CPU
		{A1F26E5B-C87B-4352-8755-42C97831CE0E}.Ad-Hoc|iPhoneSimulator.ActiveCfg = Release|Any CPU
		{A1F26E5B-C87B-4352-8755-42C97831CE0E}.Ad-Hoc|iPhoneSimulator.Build.0 = Release|Any CPU
		{A1F26E5B-C87B-4352-8755-42C97831CE0E}.Ad-Hoc|x64.ActiveCfg = Release|Any CPU
		{A1F26E5B-C87B-4352-8755-42C97831CE0E}.Ad-Hoc|x64.Build.0 = Release|Any CPU
		{A1F26E5B-C87B-4352-8755-42C97831CE0E}.Ad-Hoc|x86.ActiveCfg = Release|Any CPU
		{A1F26E5B-C87B-4352-8755-42C97831CE0E}.Ad-Hoc|x86.Build.0 = Release|Any CPU
		{A1F26E5B-C87B-4352-8755-42C97831CE0E}.AppStore|Any CPU.ActiveCfg = Release|Any CPU
		{A1F26E5B-C87B-4352-8755-42C97831CE0E}.AppStore|Any CPU.Build.0 = Release|Any CPU
		{A1F26E5B-C87B-4352-8755-42C97831CE0E}.AppStore|ARM.ActiveCfg = Release|Any CPU
		{A1F26E5B-C87B-4352-8755-42C97831CE0E}.AppStore|ARM.Build.0 = Release|Any CPU
		{A1F26E5B-C87B-4352-8755-42C97831CE0E}.AppStore|iPhone.ActiveCfg = Release|Any CPU
		{A1F26E5B-C87B-4352-8755-42C97831CE0E}.AppStore|iPhone.Build.0 = Release|Any CPU
		{A1F26E5B-C87B-4352-8755-42C97831CE0E}.AppStore|iPhoneSimulator.ActiveCfg = Release|Any CPU
		{A1F26E5B-C87B-4352-8755-42C97831CE0E}.AppStore|iPhoneSimulator.Build.0 = Release|Any CPU
		{A1F26E5B-C87B-4352-8755-42C97831CE0E}.AppStore|x64.ActiveCfg = Release|Any CPU
		{A1F26E5B-C87B-4352-8755-42C97831CE0E}.AppStore|x64.Build.0 = Release|Any CPU
		{A1F26E5B-C87B-4352-8755-42C97831CE0E}.AppStore|x86.ActiveCfg = Release|Any CPU
		{A1F26E5B-C87B-4352-8755-42C97831CE0E}.AppStore|x86.Build.0 = Release|Any CPU
		{A1F26E5B-C87B-4352-8755-42C97831CE0E}.Debug|Any CPU.ActiveCfg = Debug|Any CPU
		{A1F26E5B-C87B-4352-8755-42C97831CE0E}.Debug|Any CPU.Build.0 = Debug|Any CPU
		{A1F26E5B-C87B-4352-8755-42C97831CE0E}.Debug|ARM.ActiveCfg = Debug|Any CPU
		{A1F26E5B-C87B-4352-8755-42C97831CE0E}.Debug|ARM.Build.0 = Debug|Any CPU
		{A1F26E5B-C87B-4352-8755-42C97831CE0E}.Debug|iPhone.ActiveCfg = Debug|Any CPU
		{A1F26E5B-C87B-4352-8755-42C97831CE0E}.Debug|iPhone.Build.0 = Debug|Any CPU
		{A1F26E5B-C87B-4352-8755-42C97831CE0E}.Debug|iPhoneSimulator.ActiveCfg = Debug|Any CPU
		{A1F26E5B-C87B-4352-8755-42C97831CE0E}.Debug|iPhoneSimulator.Build.0 = Debug|Any CPU
		{A1F26E5B-C87B-4352-8755-42C97831CE0E}.Debug|x64.ActiveCfg = Debug|Any CPU
		{A1F26E5B-C87B-4352-8755-42C97831CE0E}.Debug|x64.Build.0 = Debug|Any CPU
		{A1F26E5B-C87B-4352-8755-42C97831CE0E}.Debug|x86.ActiveCfg = Debug|Any CPU
		{A1F26E5B-C87B-4352-8755-42C97831CE0E}.Debug|x86.Build.0 = Debug|Any CPU
		{A1F26E5B-C87B-4352-8755-42C97831CE0E}.Release|Any CPU.ActiveCfg = Release|Any CPU
		{A1F26E5B-C87B-4352-8755-42C97831CE0E}.Release|Any CPU.Build.0 = Release|Any CPU
		{A1F26E5B-C87B-4352-8755-42C97831CE0E}.Release|ARM.ActiveCfg = Release|Any CPU
		{A1F26E5B-C87B-4352-8755-42C97831CE0E}.Release|ARM.Build.0 = Release|Any CPU
		{A1F26E5B-C87B-4352-8755-42C97831CE0E}.Release|iPhone.ActiveCfg = Release|Any CPU
		{A1F26E5B-C87B-4352-8755-42C97831CE0E}.Release|iPhone.Build.0 = Release|Any CPU
		{A1F26E5B-C87B-4352-8755-42C97831CE0E}.Release|iPhoneSimulator.ActiveCfg = Release|Any CPU
		{A1F26E5B-C87B-4352-8755-42C97831CE0E}.Release|iPhoneSimulator.Build.0 = Release|Any CPU
		{A1F26E5B-C87B-4352-8755-42C97831CE0E}.Release|x64.ActiveCfg = Release|Any CPU
		{A1F26E5B-C87B-4352-8755-42C97831CE0E}.Release|x64.Build.0 = Release|Any CPU
		{A1F26E5B-C87B-4352-8755-42C97831CE0E}.Release|x86.ActiveCfg = Release|Any CPU
		{A1F26E5B-C87B-4352-8755-42C97831CE0E}.Release|x86.Build.0 = Release|Any CPU
	EndGlobalSection
	GlobalSection(SolutionProperties) = preSolution
		HideSolutionNode = FALSE
	EndGlobalSection
	GlobalSection(ExtensibilityGlobals) = postSolution
		SolutionGuid = {E78B94FB-04C8-41CF-9270-CF7E2D735A48}
	EndGlobalSection
EndGlobal